// !$*UTF8*$!
{
	archiveVersion = 1;
	classes = {
	};
	objectVersion = 46;
	objects = {

/* Begin PBXBuildFile section */
		60CA311B182E77020022C7C8 /* Foundation.framework in Frameworks */ = {isa = PBXBuildFile; fileRef = 60CA311A182E77020022C7C8 /* Foundation.framework */; };
		60CA311D182E77020022C7C8 /* CoreGraphics.framework in Frameworks */ = {isa = PBXBuildFile; fileRef = 60CA311C182E77020022C7C8 /* CoreGraphics.framework */; };
		60CA311F182E77020022C7C8 /* UIKit.framework in Frameworks */ = {isa = PBXBuildFile; fileRef = 60CA311E182E77020022C7C8 /* UIKit.framework */; };
		60CA3125182E77020022C7C8 /* InfoPlist.strings in Resources */ = {isa = PBXBuildFile; fileRef = 60CA3123182E77020022C7C8 /* InfoPlist.strings */; };
		60CA3127182E77020022C7C8 /* main.m in Sources */ = {isa = PBXBuildFile; fileRef = 60CA3126182E77020022C7C8 /* main.m */; };
		60CA312B182E77020022C7C8 /* ORAppDelegate.m in Sources */ = {isa = PBXBuildFile; fileRef = 60CA312A182E77020022C7C8 /* ORAppDelegate.m */; };
		60CA312E182E77020022C7C8 /* Main.storyboard in Resources */ = {isa = PBXBuildFile; fileRef = 60CA312C182E77020022C7C8 /* Main.storyboard */; };
		60CA3131182E77020022C7C8 /* ORStatsViewController.m in Sources */ = {isa = PBXBuildFile; fileRef = 60CA3130182E77020022C7C8 /* ORStatsViewController.m */; };
		60CA3133182E77020022C7C8 /* Images.xcassets in Resources */ = {isa = PBXBuildFile; fileRef = 60CA3132182E77020022C7C8 /* Images.xcassets */; };
		60CA313A182E77020022C7C8 /* XCTest.framework in Frameworks */ = {isa = PBXBuildFile; fileRef = 60CA3139182E77020022C7C8 /* XCTest.framework */; };
		60CA313B182E77020022C7C8 /* Foundation.framework in Frameworks */ = {isa = PBXBuildFile; fileRef = 60CA311A182E77020022C7C8 /* Foundation.framework */; };
		60CA313C182E77020022C7C8 /* UIKit.framework in Frameworks */ = {isa = PBXBuildFile; fileRef = 60CA311E182E77020022C7C8 /* UIKit.framework */; };
		60CA3144182E77020022C7C8 /* InfoPlist.strings in Resources */ = {isa = PBXBuildFile; fileRef = 60CA3142182E77020022C7C8 /* InfoPlist.strings */; };
		60CA3146182E77020022C7C8 /* M5BitTests.m in Sources */ = {isa = PBXBuildFile; fileRef = 60CA3145182E77020022C7C8 /* M5BitTests.m */; };
		60CA3153182E7E2B0022C7C8 /* ORSetupViewController.m in Sources */ = {isa = PBXBuildFile; fileRef = 60CA3152182E7E2B0022C7C8 /* ORSetupViewController.m */; };
		60E47A36182E8E8E0003E4BF /* Base64Transcoder.c in Sources */ = {isa = PBXBuildFile; fileRef = 60E47A2C182E8E8E0003E4BF /* Base64Transcoder.c */; };
		60E47A37182E8E8E0003E4BF /* hmac.c in Sources */ = {isa = PBXBuildFile; fileRef = 60E47A2E182E8E8E0003E4BF /* hmac.c */; };
		60E47A38182E8E8E0003E4BF /* sha1.c in Sources */ = {isa = PBXBuildFile; fileRef = 60E47A30182E8E8E0003E4BF /* sha1.c */; };
		60E47A39182E8E8E0003E4BF /* OAuth1Controller.m in Sources */ = {isa = PBXBuildFile; fileRef = 60E47A33182E8E8E0003E4BF /* OAuth1Controller.m */; };
		60E47A3A182E8E8E0003E4BF /* NSString+URLEncoding.m in Sources */ = {isa = PBXBuildFile; fileRef = 60E47A35182E8E8E0003E4BF /* NSString+URLEncoding.m */; };
		60E47A3D182ED07B0003E4BF /* ORFitbitAPI.m in Sources */ = {isa = PBXBuildFile; fileRef = 60E47A3C182ED07B0003E4BF /* ORFitbitAPI.m */; };
		A95A9BD3A7E64AC1AFF7130E /* libPods.a in Frameworks */ = {isa = PBXBuildFile; fileRef = FD81E4B729994DBF8D3443B5 /* libPods.a */; };
/* End PBXBuildFile section */

/* Begin PBXContainerItemProxy section */
		60CA313D182E77020022C7C8 /* PBXContainerItemProxy */ = {
			isa = PBXContainerItemProxy;
			containerPortal = 60CA310F182E77020022C7C8 /* Project object */;
			proxyType = 1;
			remoteGlobalIDString = 60CA3116182E77020022C7C8;
			remoteInfo = M5Bit;
		};
/* End PBXContainerItemProxy section */

/* Begin PBXFileReference section */
		4C955143C54E476CA207197B /* Pods.xcconfig */ = {isa = PBXFileReference; includeInIndex = 1; lastKnownFileType = text.xcconfig; name = Pods.xcconfig; path = Pods/Pods.xcconfig; sourceTree = "<group>"; };
		60CA3117182E77020022C7C8 /* M5Bit.app */ = {isa = PBXFileReference; explicitFileType = wrapper.application; includeInIndex = 0; path = M5Bit.app; sourceTree = BUILT_PRODUCTS_DIR; };
		60CA311A182E77020022C7C8 /* Foundation.framework */ = {isa = PBXFileReference; lastKnownFileType = wrapper.framework; name = Foundation.framework; path = System/Library/Frameworks/Foundation.framework; sourceTree = SDKROOT; };
		60CA311C182E77020022C7C8 /* CoreGraphics.framework */ = {isa = PBXFileReference; lastKnownFileType = wrapper.framework; name = CoreGraphics.framework; path = System/Library/Frameworks/CoreGraphics.framework; sourceTree = SDKROOT; };
		60CA311E182E77020022C7C8 /* UIKit.framework */ = {isa = PBXFileReference; lastKnownFileType = wrapper.framework; name = UIKit.framework; path = System/Library/Frameworks/UIKit.framework; sourceTree = SDKROOT; };
		60CA3122182E77020022C7C8 /* M5Bit-Info.plist */ = {isa = PBXFileReference; lastKnownFileType = text.plist.xml; path = "M5Bit-Info.plist"; sourceTree = "<group>"; };
		60CA3124182E77020022C7C8 /* en */ = {isa = PBXFileReference; lastKnownFileType = text.plist.strings; name = en; path = en.lproj/InfoPlist.strings; sourceTree = "<group>"; };
		60CA3126182E77020022C7C8 /* main.m */ = {isa = PBXFileReference; lastKnownFileType = sourcecode.c.objc; path = main.m; sourceTree = "<group>"; };
		60CA3128182E77020022C7C8 /* M5Bit-Prefix.pch */ = {isa = PBXFileReference; lastKnownFileType = sourcecode.c.h; path = "M5Bit-Prefix.pch"; sourceTree = "<group>"; };
		60CA3129182E77020022C7C8 /* ORAppDelegate.h */ = {isa = PBXFileReference; lastKnownFileType = sourcecode.c.h; path = ORAppDelegate.h; sourceTree = "<group>"; };
		60CA312A182E77020022C7C8 /* ORAppDelegate.m */ = {isa = PBXFileReference; lastKnownFileType = sourcecode.c.objc; path = ORAppDelegate.m; sourceTree = "<group>"; };
		60CA312D182E77020022C7C8 /* Base */ = {isa = PBXFileReference; lastKnownFileType = file.storyboard; name = Base; path = Base.lproj/Main.storyboard; sourceTree = "<group>"; };
		60CA312F182E77020022C7C8 /* ORStatsViewController.h */ = {isa = PBXFileReference; lastKnownFileType = sourcecode.c.h; path = ORStatsViewController.h; sourceTree = "<group>"; };
		60CA3130182E77020022C7C8 /* ORStatsViewController.m */ = {isa = PBXFileReference; lastKnownFileType = sourcecode.c.objc; path = ORStatsViewController.m; sourceTree = "<group>"; };
		60CA3132182E77020022C7C8 /* Images.xcassets */ = {isa = PBXFileReference; lastKnownFileType = folder.assetcatalog; path = Images.xcassets; sourceTree = "<group>"; };
		60CA3138182E77020022C7C8 /* M5BitTests.xctest */ = {isa = PBXFileReference; explicitFileType = wrapper.cfbundle; includeInIndex = 0; path = M5BitTests.xctest; sourceTree = BUILT_PRODUCTS_DIR; };
		60CA3139182E77020022C7C8 /* XCTest.framework */ = {isa = PBXFileReference; lastKnownFileType = wrapper.framework; name = XCTest.framework; path = Library/Frameworks/XCTest.framework; sourceTree = DEVELOPER_DIR; };
		60CA3141182E77020022C7C8 /* M5BitTests-Info.plist */ = {isa = PBXFileReference; lastKnownFileType = text.plist.xml; path = "M5BitTests-Info.plist"; sourceTree = "<group>"; };
		60CA3143182E77020022C7C8 /* en */ = {isa = PBXFileReference; lastKnownFileType = text.plist.strings; name = en; path = en.lproj/InfoPlist.strings; sourceTree = "<group>"; };
		60CA3145182E77020022C7C8 /* M5BitTests.m */ = {isa = PBXFileReference; lastKnownFileType = sourcecode.c.objc; path = M5BitTests.m; sourceTree = "<group>"; };
		60CA3151182E7E2B0022C7C8 /* ORSetupViewController.h */ = {isa = PBXFileReference; fileEncoding = 4; lastKnownFileType = sourcecode.c.h; path = ORSetupViewController.h; sourceTree = "<group>"; };
		60CA3152182E7E2B0022C7C8 /* ORSetupViewController.m */ = {isa = PBXFileReference; fileEncoding = 4; lastKnownFileType = sourcecode.c.objc; path = ORSetupViewController.m; sourceTree = "<group>"; };
		60E47A2C182E8E8E0003E4BF /* Base64Transcoder.c */ = {isa = PBXFileReference; fileEncoding = 4; lastKnownFileType = sourcecode.c.c; path = Base64Transcoder.c; sourceTree = "<group>"; };
		60E47A2D182E8E8E0003E4BF /* Base64Transcoder.h */ = {isa = PBXFileReference; fileEncoding = 4; lastKnownFileType = sourcecode.c.h; path = Base64Transcoder.h; sourceTree = "<group>"; };
		60E47A2E182E8E8E0003E4BF /* hmac.c */ = {isa = PBXFileReference; fileEncoding = 4; lastKnownFileType = sourcecode.c.c; path = hmac.c; sourceTree = "<group>"; };
		60E47A2F182E8E8E0003E4BF /* hmac.h */ = {isa = PBXFileReference; fileEncoding = 4; lastKnownFileType = sourcecode.c.h; path = hmac.h; sourceTree = "<group>"; };
		60E47A30182E8E8E0003E4BF /* sha1.c */ = {isa = PBXFileReference; fileEncoding = 4; lastKnownFileType = sourcecode.c.c; path = sha1.c; sourceTree = "<group>"; };
		60E47A31182E8E8E0003E4BF /* sha1.h */ = {isa = PBXFileReference; fileEncoding = 4; lastKnownFileType = sourcecode.c.h; path = sha1.h; sourceTree = "<group>"; };
		60E47A32182E8E8E0003E4BF /* OAuth1Controller.h */ = {isa = PBXFileReference; fileEncoding = 4; lastKnownFileType = sourcecode.c.h; path = OAuth1Controller.h; sourceTree = "<group>"; };
		60E47A33182E8E8E0003E4BF /* OAuth1Controller.m */ = {isa = PBXFileReference; fileEncoding = 4; lastKnownFileType = sourcecode.c.objc; path = OAuth1Controller.m; sourceTree = "<group>"; };
		60E47A34182E8E8E0003E4BF /* NSString+URLEncoding.h */ = {isa = PBXFileReference; fileEncoding = 4; lastKnownFileType = sourcecode.c.h; path = "NSString+URLEncoding.h"; sourceTree = "<group>"; };
		60E47A35182E8E8E0003E4BF /* NSString+URLEncoding.m */ = {isa = PBXFileReference; fileEncoding = 4; lastKnownFileType = sourcecode.c.objc; path = "NSString+URLEncoding.m"; sourceTree = "<group>"; };
		60E47A3B182ED07B0003E4BF /* ORFitbitAPI.h */ = {isa = PBXFileReference; fileEncoding = 4; lastKnownFileType = sourcecode.c.h; path = ORFitbitAPI.h; sourceTree = "<group>"; };
		60E47A3C182ED07B0003E4BF /* ORFitbitAPI.m */ = {isa = PBXFileReference; fileEncoding = 4; lastKnownFileType = sourcecode.c.objc; path = ORFitbitAPI.m; sourceTree = "<group>"; };
		FD81E4B729994DBF8D3443B5 /* libPods.a */ = {isa = PBXFileReference; explicitFileType = archive.ar; includeInIndex = 0; path = libPods.a; sourceTree = BUILT_PRODUCTS_DIR; };
/* End PBXFileReference section */

/* Begin PBXFrameworksBuildPhase section */
		60CA3114182E77020022C7C8 /* Frameworks */ = {
			isa = PBXFrameworksBuildPhase;
			buildActionMask = 2147483647;
			files = (
				60CA311D182E77020022C7C8 /* CoreGraphics.framework in Frameworks */,
				60CA311F182E77020022C7C8 /* UIKit.framework in Frameworks */,
				60CA311B182E77020022C7C8 /* Foundation.framework in Frameworks */,
				A95A9BD3A7E64AC1AFF7130E /* libPods.a in Frameworks */,
			);
			runOnlyForDeploymentPostprocessing = 0;
		};
		60CA3135182E77020022C7C8 /* Frameworks */ = {
			isa = PBXFrameworksBuildPhase;
			buildActionMask = 2147483647;
			files = (
				60CA313A182E77020022C7C8 /* XCTest.framework in Frameworks */,
				60CA313C182E77020022C7C8 /* UIKit.framework in Frameworks */,
				60CA313B182E77020022C7C8 /* Foundation.framework in Frameworks */,
			);
			runOnlyForDeploymentPostprocessing = 0;
		};
/* End PBXFrameworksBuildPhase section */

/* Begin PBXGroup section */
		60CA310E182E77020022C7C8 = {
			isa = PBXGroup;
			children = (
				60CA3120182E77020022C7C8 /* M5Bit */,
				60CA313F182E77020022C7C8 /* M5BitTests */,
				60CA3119182E77020022C7C8 /* Frameworks */,
				60CA3118182E77020022C7C8 /* Products */,
				4C955143C54E476CA207197B /* Pods.xcconfig */,
			);
			sourceTree = "<group>";
		};
		60CA3118182E77020022C7C8 /* Products */ = {
			isa = PBXGroup;
			children = (
				60CA3117182E77020022C7C8 /* M5Bit.app */,
				60CA3138182E77020022C7C8 /* M5BitTests.xctest */,
			);
			name = Products;
			sourceTree = "<group>";
		};
		60CA3119182E77020022C7C8 /* Frameworks */ = {
			isa = PBXGroup;
			children = (
				60CA311A182E77020022C7C8 /* Foundation.framework */,
				60CA311C182E77020022C7C8 /* CoreGraphics.framework */,
				60CA311E182E77020022C7C8 /* UIKit.framework */,
				60CA3139182E77020022C7C8 /* XCTest.framework */,
				FD81E4B729994DBF8D3443B5 /* libPods.a */,
			);
			name = Frameworks;
			sourceTree = "<group>";
		};
		60CA3120182E77020022C7C8 /* M5Bit */ = {
			isa = PBXGroup;
			children = (
				60CA3129182E77020022C7C8 /* ORAppDelegate.h */,
				60CA312A182E77020022C7C8 /* ORAppDelegate.m */,
				60CA312C182E77020022C7C8 /* Main.storyboard */,
				60CA312F182E77020022C7C8 /* ORStatsViewController.h */,
				60CA3130182E77020022C7C8 /* ORStatsViewController.m */,
				60CA3151182E7E2B0022C7C8 /* ORSetupViewController.h */,
				60CA3152182E7E2B0022C7C8 /* ORSetupViewController.m */,
				60E47A3B182ED07B0003E4BF /* ORFitbitAPI.h */,
				60E47A3C182ED07B0003E4BF /* ORFitbitAPI.m */,
				60CA3132182E77020022C7C8 /* Images.xcassets */,
				60E47A2B182E8E7F0003E4BF /* OAuth */,
				60CA3121182E77020022C7C8 /* Supporting Files */,
			);
			path = M5Bit;
			sourceTree = "<group>";
		};
		60CA3121182E77020022C7C8 /* Supporting Files */ = {
			isa = PBXGroup;
			children = (
				60CA3122182E77020022C7C8 /* M5Bit-Info.plist */,
				60CA3123182E77020022C7C8 /* InfoPlist.strings */,
				60CA3126182E77020022C7C8 /* main.m */,
				60CA3128182E77020022C7C8 /* M5Bit-Prefix.pch */,
			);
			name = "Supporting Files";
			sourceTree = "<group>";
		};
		60CA313F182E77020022C7C8 /* M5BitTests */ = {
			isa = PBXGroup;
			children = (
				60CA3145182E77020022C7C8 /* M5BitTests.m */,
				60CA3140182E77020022C7C8 /* Supporting Files */,
			);
			path = M5BitTests;
			sourceTree = "<group>";
		};
		60CA3140182E77020022C7C8 /* Supporting Files */ = {
			isa = PBXGroup;
			children = (
				60CA3141182E77020022C7C8 /* M5BitTests-Info.plist */,
				60CA3142182E77020022C7C8 /* InfoPlist.strings */,
			);
			name = "Supporting Files";
			sourceTree = "<group>";
		};
		60E47A2B182E8E7F0003E4BF /* OAuth */ = {
			isa = PBXGroup;
			children = (
				60E47A2C182E8E8E0003E4BF /* Base64Transcoder.c */,
				60E47A2D182E8E8E0003E4BF /* Base64Transcoder.h */,
				60E47A2E182E8E8E0003E4BF /* hmac.c */,
				60E47A2F182E8E8E0003E4BF /* hmac.h */,
				60E47A30182E8E8E0003E4BF /* sha1.c */,
				60E47A31182E8E8E0003E4BF /* sha1.h */,
				60E47A32182E8E8E0003E4BF /* OAuth1Controller.h */,
				60E47A33182E8E8E0003E4BF /* OAuth1Controller.m */,
				60E47A34182E8E8E0003E4BF /* NSString+URLEncoding.h */,
				60E47A35182E8E8E0003E4BF /* NSString+URLEncoding.m */,
			);
			path = OAuth;
			sourceTree = "<group>";
		};
/* End PBXGroup section */

/* Begin PBXNativeTarget section */
		60CA3116182E77020022C7C8 /* M5Bit */ = {
			isa = PBXNativeTarget;
			buildConfigurationList = 60CA3149182E77020022C7C8 /* Build configuration list for PBXNativeTarget "M5Bit" */;
			buildPhases = (
				033A337C339445D8AC9D6F4A /* Check Pods Manifest.lock */,
				60CA3113182E77020022C7C8 /* Sources */,
				60CA3114182E77020022C7C8 /* Frameworks */,
				60CA3115182E77020022C7C8 /* Resources */,
				84E78265CCA0420A9E82B97B /* Copy Pods Resources */,
			);
			buildRules = (
			);
			dependencies = (
			);
			name = M5Bit;
			productName = M5Bit;
			productReference = 60CA3117182E77020022C7C8 /* M5Bit.app */;
			productType = "com.apple.product-type.application";
		};
		60CA3137182E77020022C7C8 /* M5BitTests */ = {
			isa = PBXNativeTarget;
			buildConfigurationList = 60CA314C182E77020022C7C8 /* Build configuration list for PBXNativeTarget "M5BitTests" */;
			buildPhases = (
				60CA3134182E77020022C7C8 /* Sources */,
				60CA3135182E77020022C7C8 /* Frameworks */,
				60CA3136182E77020022C7C8 /* Resources */,
			);
			buildRules = (
			);
			dependencies = (
				60CA313E182E77020022C7C8 /* PBXTargetDependency */,
			);
			name = M5BitTests;
			productName = M5BitTests;
			productReference = 60CA3138182E77020022C7C8 /* M5BitTests.xctest */;
			productType = "com.apple.product-type.bundle.unit-test";
		};
/* End PBXNativeTarget section */

/* Begin PBXProject section */
		60CA310F182E77020022C7C8 /* Project object */ = {
			isa = PBXProject;
			attributes = {
				CLASSPREFIX = OR;
				LastUpgradeCheck = 0500;
				ORGANIZATIONNAME = Orta;
				TargetAttributes = {
					60CA3137182E77020022C7C8 = {
						TestTargetID = 60CA3116182E77020022C7C8;
					};
				};
			};
			buildConfigurationList = 60CA3112182E77020022C7C8 /* Build configuration list for PBXProject "M5Bit" */;
			compatibilityVersion = "Xcode 3.2";
			developmentRegion = English;
			hasScannedForEncodings = 0;
			knownRegions = (
				en,
				Base,
			);
			mainGroup = 60CA310E182E77020022C7C8;
			productRefGroup = 60CA3118182E77020022C7C8 /* Products */;
			projectDirPath = "";
			projectRoot = "";
			targets = (
				60CA3116182E77020022C7C8 /* M5Bit */,
				60CA3137182E77020022C7C8 /* M5BitTests */,
			);
		};
/* End PBXProject section */

/* Begin PBXResourcesBuildPhase section */
		60CA3115182E77020022C7C8 /* Resources */ = {
			isa = PBXResourcesBuildPhase;
			buildActionMask = 2147483647;
			files = (
				60CA3133182E77020022C7C8 /* Images.xcassets in Resources */,
				60CA3125182E77020022C7C8 /* InfoPlist.strings in Resources */,
				60CA312E182E77020022C7C8 /* Main.storyboard in Resources */,
			);
			runOnlyForDeploymentPostprocessing = 0;
		};
		60CA3136182E77020022C7C8 /* Resources */ = {
			isa = PBXResourcesBuildPhase;
			buildActionMask = 2147483647;
			files = (
				60CA3144182E77020022C7C8 /* InfoPlist.strings in Resources */,
			);
			runOnlyForDeploymentPostprocessing = 0;
		};
/* End PBXResourcesBuildPhase section */

/* Begin PBXShellScriptBuildPhase section */
		033A337C339445D8AC9D6F4A /* Check Pods Manifest.lock */ = {
			isa = PBXShellScriptBuildPhase;
			buildActionMask = 2147483647;
			files = (
			);
			inputPaths = (
			);
			name = "Check Pods Manifest.lock";
			outputPaths = (
			);
			runOnlyForDeploymentPostprocessing = 0;
			shellPath = /bin/sh;
			shellScript = "diff \"${PODS_ROOT}/../Podfile.lock\" \"${PODS_ROOT}/Manifest.lock\" > /dev/null\nif [[ $? != 0 ]] ; then\n    cat << EOM\nerror: The sandbox is not in sync with the Podfile.lock. Run 'pod install' or update your CocoaPods installation.\nEOM\n    exit 1\nfi\n";
			showEnvVarsInLog = 0;
		};
		84E78265CCA0420A9E82B97B /* Copy Pods Resources */ = {
			isa = PBXShellScriptBuildPhase;
			buildActionMask = 2147483647;
			files = (
			);
			inputPaths = (
			);
			name = "Copy Pods Resources";
			outputPaths = (
			);
			runOnlyForDeploymentPostprocessing = 0;
			shellPath = /bin/sh;
			shellScript = "\"${SRCROOT}/Pods/Pods-resources.sh\"\n";
			showEnvVarsInLog = 0;
		};
/* End PBXShellScriptBuildPhase section */

/* Begin PBXSourcesBuildPhase section */
		60CA3113182E77020022C7C8 /* Sources */ = {
			isa = PBXSourcesBuildPhase;
			buildActionMask = 2147483647;
			files = (
				60E47A3A182E8E8E0003E4BF /* NSString+URLEncoding.m in Sources */,
				60E47A37182E8E8E0003E4BF /* hmac.c in Sources */,
				60CA3127182E77020022C7C8 /* main.m in Sources */,
				60CA312B182E77020022C7C8 /* ORAppDelegate.m in Sources */,
				60E47A39182E8E8E0003E4BF /* OAuth1Controller.m in Sources */,
				60CA3131182E77020022C7C8 /* ORStatsViewController.m in Sources */,
				60E47A38182E8E8E0003E4BF /* sha1.c in Sources */,
				60E47A36182E8E8E0003E4BF /* Base64Transcoder.c in Sources */,
				60CA3153182E7E2B0022C7C8 /* ORSetupViewController.m in Sources */,
				60E47A3D182ED07B0003E4BF /* ORFitbitAPI.m in Sources */,
			);
			runOnlyForDeploymentPostprocessing = 0;
		};
		60CA3134182E77020022C7C8 /* Sources */ = {
			isa = PBXSourcesBuildPhase;
			buildActionMask = 2147483647;
			files = (
				60CA3146182E77020022C7C8 /* M5BitTests.m in Sources */,
			);
			runOnlyForDeploymentPostprocessing = 0;
		};
/* End PBXSourcesBuildPhase section */

/* Begin PBXTargetDependency section */
		60CA313E182E77020022C7C8 /* PBXTargetDependency */ = {
			isa = PBXTargetDependency;
			target = 60CA3116182E77020022C7C8 /* M5Bit */;
			targetProxy = 60CA313D182E77020022C7C8 /* PBXContainerItemProxy */;
		};
/* End PBXTargetDependency section */

/* Begin PBXVariantGroup section */
		60CA3123182E77020022C7C8 /* InfoPlist.strings */ = {
			isa = PBXVariantGroup;
			children = (
				60CA3124182E77020022C7C8 /* en */,
			);
			name = InfoPlist.strings;
			sourceTree = "<group>";
		};
		60CA312C182E77020022C7C8 /* Main.storyboard */ = {
			isa = PBXVariantGroup;
			children = (
				60CA312D182E77020022C7C8 /* Base */,
			);
			name = Main.storyboard;
			sourceTree = "<group>";
		};
		60CA3142182E77020022C7C8 /* InfoPlist.strings */ = {
			isa = PBXVariantGroup;
			children = (
				60CA3143182E77020022C7C8 /* en */,
			);
			name = InfoPlist.strings;
			sourceTree = "<group>";
		};
/* End PBXVariantGroup section */

/* Begin XCBuildConfiguration section */
		60CA3147182E77020022C7C8 /* Debug */ = {
			isa = XCBuildConfiguration;
			buildSettings = {
				ALWAYS_SEARCH_USER_PATHS = NO;
				ARCHS = "$(ARCHS_STANDARD_INCLUDING_64_BIT)";
				CLANG_CXX_LANGUAGE_STANDARD = "gnu++0x";
				CLANG_CXX_LIBRARY = "libc++";
				CLANG_ENABLE_MODULES = YES;
				CLANG_ENABLE_OBJC_ARC = YES;
				CLANG_WARN_BOOL_CONVERSION = YES;
				CLANG_WARN_CONSTANT_CONVERSION = YES;
				CLANG_WARN_DIRECT_OBJC_ISA_USAGE = YES_ERROR;
				CLANG_WARN_EMPTY_BODY = YES;
				CLANG_WARN_ENUM_CONVERSION = YES;
				CLANG_WARN_INT_CONVERSION = YES;
				CLANG_WARN_OBJC_ROOT_CLASS = YES_ERROR;
				CLANG_WARN__DUPLICATE_METHOD_MATCH = YES;
				"CODE_SIGN_IDENTITY[sdk=iphoneos*]" = "iPhone Developer";
				COPY_PHASE_STRIP = NO;
				GCC_C_LANGUAGE_STANDARD = gnu99;
				GCC_DYNAMIC_NO_PIC = NO;
				GCC_OPTIMIZATION_LEVEL = 0;
				GCC_PREPROCESSOR_DEFINITIONS = (
					"DEBUG=1",
					"$(inherited)",
				);
				GCC_SYMBOLS_PRIVATE_EXTERN = NO;
				GCC_WARN_64_TO_32_BIT_CONVERSION = YES;
				GCC_WARN_ABOUT_RETURN_TYPE = YES_ERROR;
				GCC_WARN_UNDECLARED_SELECTOR = YES;
				GCC_WARN_UNINITIALIZED_AUTOS = YES;
				GCC_WARN_UNUSED_FUNCTION = YES;
				GCC_WARN_UNUSED_VARIABLE = YES;
				IPHONEOS_DEPLOYMENT_TARGET = 7.0;
				ONLY_ACTIVE_ARCH = YES;
				SDKROOT = iphoneos;
			};
			name = Debug;
		};
		60CA3148182E77020022C7C8 /* Release */ = {
			isa = XCBuildConfiguration;
			buildSettings = {
				ALWAYS_SEARCH_USER_PATHS = NO;
				ARCHS = "$(ARCHS_STANDARD_INCLUDING_64_BIT)";
				CLANG_CXX_LANGUAGE_STANDARD = "gnu++0x";
				CLANG_CXX_LIBRARY = "libc++";
				CLANG_ENABLE_MODULES = YES;
				CLANG_ENABLE_OBJC_ARC = YES;
				CLANG_WARN_BOOL_CONVERSION = YES;
				CLANG_WARN_CONSTANT_CONVERSION = YES;
				CLANG_WARN_DIRECT_OBJC_ISA_USAGE = YES_ERROR;
				CLANG_WARN_EMPTY_BODY = YES;
				CLANG_WARN_ENUM_CONVERSION = YES;
				CLANG_WARN_INT_CONVERSION = YES;
				CLANG_WARN_OBJC_ROOT_CLASS = YES_ERROR;
				CLANG_WARN__DUPLICATE_METHOD_MATCH = YES;
				"CODE_SIGN_IDENTITY[sdk=iphoneos*]" = "iPhone Developer";
				COPY_PHASE_STRIP = YES;
				ENABLE_NS_ASSERTIONS = NO;
				GCC_C_LANGUAGE_STANDARD = gnu99;
				GCC_WARN_64_TO_32_BIT_CONVERSION = YES;
				GCC_WARN_ABOUT_RETURN_TYPE = YES_ERROR;
				GCC_WARN_UNDECLARED_SELECTOR = YES;
				GCC_WARN_UNINITIALIZED_AUTOS = YES;
				GCC_WARN_UNUSED_FUNCTION = YES;
				GCC_WARN_UNUSED_VARIABLE = YES;
				IPHONEOS_DEPLOYMENT_TARGET = 7.0;
				SDKROOT = iphoneos;
				VALIDATE_PRODUCT = YES;
			};
			name = Release;
		};
		60CA314A182E77020022C7C8 /* Debug */ = {
			isa = XCBuildConfiguration;
			baseConfigurationReference = 4C955143C54E476CA207197B /* Pods.xcconfig */;
			buildSettings = {
				ASSETCATALOG_COMPILER_APPICON_NAME = AppIcon;
				ASSETCATALOG_COMPILER_LAUNCHIMAGE_NAME = LaunchImage;
				GCC_PRECOMPILE_PREFIX_HEADER = YES;
				GCC_PREFIX_HEADER = "M5Bit/M5Bit-Prefix.pch";
				INFOPLIST_FILE = "M5Bit/M5Bit-Info.plist";
				PRODUCT_NAME = "$(TARGET_NAME)";
				WRAPPER_EXTENSION = app;
			};
			name = Debug;
		};
		60CA314B182E77020022C7C8 /* Release */ = {
			isa = XCBuildConfiguration;
			baseConfigurationReference = 4C955143C54E476CA207197B /* Pods.xcconfig */;
			buildSettings = {
				ASSETCATALOG_COMPILER_APPICON_NAME = AppIcon;
				ASSETCATALOG_COMPILER_LAUNCHIMAGE_NAME = LaunchImage;
				GCC_PRECOMPILE_PREFIX_HEADER = YES;
				GCC_PREFIX_HEADER = "M5Bit/M5Bit-Prefix.pch";
				INFOPLIST_FILE = "M5Bit/M5Bit-Info.plist";
				PRODUCT_NAME = "$(TARGET_NAME)";
				WRAPPER_EXTENSION = app;
			};
			name = Release;
		};
		60CA314D182E77020022C7C8 /* Debug */ = {
			isa = XCBuildConfiguration;
			buildSettings = {
				ARCHS = "$(ARCHS_STANDARD_INCLUDING_64_BIT)";
				BUNDLE_LOADER = "$(BUILT_PRODUCTS_DIR)/M5Bit.app/M5Bit";
				FRAMEWORK_SEARCH_PATHS = (
					"$(SDKROOT)/Developer/Library/Frameworks",
					"$(inherited)",
					"$(DEVELOPER_FRAMEWORKS_DIR)",
				);
				GCC_PRECOMPILE_PREFIX_HEADER = YES;
				GCC_PREFIX_HEADER = "M5Bit/M5Bit-Prefix.pch";
				GCC_PREPROCESSOR_DEFINITIONS = (
					"DEBUG=1",
					"$(inherited)",
				);
				INFOPLIST_FILE = "M5BitTests/M5BitTests-Info.plist";
				PRODUCT_NAME = "$(TARGET_NAME)";
				TEST_HOST = "$(BUNDLE_LOADER)";
				WRAPPER_EXTENSION = xctest;
			};
			name = Debug;
		};
		60CA314E182E77020022C7C8 /* Release */ = {
			isa = XCBuildConfiguration;
			buildSettings = {
				ARCHS = "$(ARCHS_STANDARD_INCLUDING_64_BIT)";
				BUNDLE_LOADER = "$(BUILT_PRODUCTS_DIR)/M5Bit.app/M5Bit";
				FRAMEWORK_SEARCH_PATHS = (
					"$(SDKROOT)/Developer/Library/Frameworks",
					"$(inherited)",
					"$(DEVELOPER_FRAMEWORKS_DIR)",
				);
				GCC_PRECOMPILE_PREFIX_HEADER = YES;
				GCC_PREFIX_HEADER = "M5Bit/M5Bit-Prefix.pch";
				INFOPLIST_FILE = "M5BitTests/M5BitTests-Info.plist";
				PRODUCT_NAME = "$(TARGET_NAME)";
				TEST_HOST = "$(BUNDLE_LOADER)";
				WRAPPER_EXTENSION = xctest;
			};
			name = Release;
		};
/* End XCBuildConfiguration section */

/* Begin XCConfigurationList section */
		60CA3112182E77020022C7C8 /* Build configuration list for PBXProject "M5Bit" */ = {
			isa = XCConfigurationList;
			buildConfigurations = (
				60CA3147182E77020022C7C8 /* Debug */,
				60CA3148182E77020022C7C8 /* Release */,
			);
			defaultConfigurationIsVisible = 0;
			defaultConfigurationName = Release;
		};
		60CA3149182E77020022C7C8 /* Build configuration list for PBXNativeTarget "M5Bit" */ = {
			isa = XCConfigurationList;
			buildConfigurations = (
				60CA314A182E77020022C7C8 /* Debug */,
				60CA314B182E77020022C7C8 /* Release */,
			);
			defaultConfigurationIsVisible = 0;
			defaultConfigurationName = Release;
		};
		60CA314C182E77020022C7C8 /* Build configuration list for PBXNativeTarget "M5BitTests" */ = {
			isa = XCConfigurationList;
			buildConfigurations = (
				60CA314D182E77020022C7C8 /* Debug */,
				60CA314E182E77020022C7C8 /* Release */,
			);
			defaultConfigurationIsVisible = 0;
			defaultConfigurationName = Release;
		};
/* End XCConfigurationList section */
	};
	rootObject = 60CA310F182E77020022C7C8 /* Project object */;
}
